
Microsoft Visual Studio Solution File, Format Version 11.00
# Visual Studio 2010
Project("{FAE04EC0-301F-11D3-BF4B-00C04F79EFBC}") = "The Clown's Quest", "Assembly-CSharp-firstpass.csproj", "{934BBB72-B5B5-9A4F-03E5-C99047E64A88}"
EndProject
Project("{FAE04EC0-301F-11D3-BF4B-00C04F79EFBC}") = "The Clown's Quest", "Assembly-CSharp.csproj", "{74F7AA74-4F23-AFB3-31A8-AD1DF84439BF}"
EndProject
Project("{FAE04EC0-301F-11D3-BF4B-00C04F79EFBC}") = "The Clown's Quest", "Assembly-CSharp-Editor-firstpass.csproj", "{5D718871-D812-7798-4D84-4AF8E8E32C78}"
EndProject
Global
	GlobalSection(SolutionConfigurationPlatforms) = preSolution
		Debug|Any CPU = Debug|Any CPU
		Release|Any CPU = Release|Any CPU
	EndGlobalSection
	GlobalSection(ProjectConfigurationPlatforms) = postSolution
		{934BBB72-B5B5-9A4F-03E5-C99047E64A88}.Debug|Any CPU.ActiveCfg = Debug|Any CPU
		{934BBB72-B5B5-9A4F-03E5-C99047E64A88}.Debug|Any CPU.Build.0 = Debug|Any CPU
		{934BBB72-B5B5-9A4F-03E5-C99047E64A88}.Release|Any CPU.ActiveCfg = Release|Any CPU
		{934BBB72-B5B5-9A4F-03E5-C99047E64A88}.Release|Any CPU.Build.0 = Release|Any CPU
		{74F7AA74-4F23-AFB3-31A8-AD1DF84439BF}.Debug|Any CPU.ActiveCfg = Debug|Any CPU
		{74F7AA74-4F23-AFB3-31A8-AD1DF84439BF}.Debug|Any CPU.Build.0 = Debug|Any CPU
		{74F7AA74-4F23-AFB3-31A8-AD1DF84439BF}.Release|Any CPU.ActiveCfg = Release|Any CPU
		{74F7AA74-4F23-AFB3-31A8-AD1DF84439BF}.Release|Any CPU.Build.0 = Release|Any CPU
		{5D718871-D812-7798-4D84-4AF8E8E32C78}.Debug|Any CPU.ActiveCfg = Debug|Any CPU
		{5D718871-D812-7798-4D84-4AF8E8E32C78}.Debug|Any CPU.Build.0 = Debug|Any CPU
		{5D718871-D812-7798-4D84-4AF8E8E32C78}.Release|Any CPU.ActiveCfg = Release|Any CPU
		{5D718871-D812-7798-4D84-4AF8E8E32C78}.Release|Any CPU.Build.0 = Release|Any CPU
	EndGlobalSection
	GlobalSection(SolutionProperties) = preSolution
		HideSolutionNode = FALSE
	EndGlobalSection
	GlobalSection(MonoDevelopProperties) = preSolution
		StartupItem = Assembly-CSharp.csproj
	EndGlobalSection
EndGlobal
